// !$*UTF8*$!
{
	archiveVersion = 1;
	classes = {
	};
	objectVersion = 46;
	objects = {

/* Begin PBXBuildFile section */
		64636B2E1A5D5EB400D9D020 /* Foundation.framework in Frameworks */ = {isa = PBXBuildFile; fileRef = 64636B2D1A5D5EB400D9D020 /* Foundation.framework */; };
		64636B301A5D5EB400D9D020 /* CoreGraphics.framework in Frameworks */ = {isa = PBXBuildFile; fileRef = 64636B2F1A5D5EB400D9D020 /* CoreGraphics.framework */; };
		64636B321A5D5EB400D9D020 /* UIKit.framework in Frameworks */ = {isa = PBXBuildFile; fileRef = 64636B311A5D5EB400D9D020 /* UIKit.framework */; };
		64636B381A5D5EB500D9D020 /* InfoPlist.strings in Resources */ = {isa = PBXBuildFile; fileRef = 64636B361A5D5EB500D9D020 /* InfoPlist.strings */; };
		64636B3A1A5D5EB500D9D020 /* main.m in Sources */ = {isa = PBXBuildFile; fileRef = 64636B391A5D5EB500D9D020 /* main.m */; };
		64636B3E1A5D5EB500D9D020 /* LZXAppDelegate.m in Sources */ = {isa = PBXBuildFile; fileRef = 64636B3D1A5D5EB500D9D020 /* LZXAppDelegate.m */; };
		64636B411A5D5EB500D9D020 /* Main.storyboard in Resources */ = {isa = PBXBuildFile; fileRef = 64636B3F1A5D5EB500D9D020 /* Main.storyboard */; };
		64636B441A5D5EB500D9D020 /* LZXViewController.m in Sources */ = {isa = PBXBuildFile; fileRef = 64636B431A5D5EB500D9D020 /* LZXViewController.m */; };
		64636B461A5D5EB500D9D020 /* Images.xcassets in Resources */ = {isa = PBXBuildFile; fileRef = 64636B451A5D5EB500D9D020 /* Images.xcassets */; };
		64636B4D1A5D5EB500D9D020 /* XCTest.framework in Frameworks */ = {isa = PBXBuildFile; fileRef = 64636B4C1A5D5EB500D9D020 /* XCTest.framework */; };
		64636B4E1A5D5EB500D9D020 /* Foundation.framework in Frameworks */ = {isa = PBXBuildFile; fileRef = 64636B2D1A5D5EB400D9D020 /* Foundation.framework */; };
		64636B4F1A5D5EB500D9D020 /* UIKit.framework in Frameworks */ = {isa = PBXBuildFile; fileRef = 64636B311A5D5EB400D9D020 /* UIKit.framework */; };
		64636B571A5D5EB500D9D020 /* InfoPlist.strings in Resources */ = {isa = PBXBuildFile; fileRef = 64636B551A5D5EB500D9D020 /* InfoPlist.strings */; };
		64636B591A5D5EB500D9D020 /* HttpRequestDemoTests.m in Sources */ = {isa = PBXBuildFile; fileRef = 64636B581A5D5EB500D9D020 /* HttpRequestDemoTests.m */; };
		64636B641A5D5F6A00D9D020 /* LZXHttpRequest.m in Sources */ = {isa = PBXBuildFile; fileRef = 64636B631A5D5F6A00D9D020 /* LZXHttpRequest.m */; };
/* End PBXBuildFile section */

/* Begin PBXContainerItemProxy section */
		64636B501A5D5EB500D9D020 /* PBXContainerItemProxy */ = {
			isa = PBXContainerItemProxy;
			containerPortal = 64636B221A5D5EB400D9D020 /* Project object */;
			proxyType = 1;
			remoteGlobalIDString = 64636B291A5D5EB400D9D020;
			remoteInfo = HttpRequestDemo;
		};
/* End PBXContainerItemProxy section */

/* Begin PBXFileReference section */
		64636B2A1A5D5EB400D9D020 /* HttpRequestDemo.app */ = {isa = PBXFileReference; explicitFileType = wrapper.application; includeInIndex = 0; path = HttpRequestDemo.app; sourceTree = BUILT_PRODUCTS_DIR; };
		64636B2D1A5D5EB400D9D020 /* Foundation.framework */ = {isa = PBXFileReference; lastKnownFileType = wrapper.framework; name = Foundation.framework; path = System/Library/Frameworks/Foundation.framework; sourceTree = SDKROOT; };
		64636B2F1A5D5EB400D9D020 /* CoreGraphics.framework */ = {isa = PBXFileReference; lastKnownFileType = wrapper.framework; name = CoreGraphics.framework; path = System/Library/Frameworks/CoreGraphics.framework; sourceTree = SDKROOT; };
		64636B311A5D5EB400D9D020 /* UIKit.framework */ = {isa = PBXFileReference; lastKnownFileType = wrapper.framework; name = UIKit.framework; path = System/Library/Frameworks/UIKit.framework; sourceTree = SDKROOT; };
		64636B351A5D5EB400D9D020 /* HttpRequestDemo-Info.plist */ = {isa = PBXFileReference; lastKnownFileType = text.plist.xml; path = "HttpRequestDemo-Info.plist"; sourceTree = "<group>"; };
		64636B371A5D5EB500D9D020 /* en */ = {isa = PBXFileReference; lastKnownFileType = text.plist.strings; name = en; path = en.lproj/InfoPlist.strings; sourceTree = "<group>"; };
		64636B391A5D5EB500D9D020 /* main.m */ = {isa = PBXFileReference; lastKnownFileType = sourcecode.c.objc; path = main.m; sourceTree = "<group>"; };
		64636B3B1A5D5EB500D9D020 /* HttpRequestDemo-Prefix.pch */ = {isa = PBXFileReference; lastKnownFileType = sourcecode.c.h; path = "HttpRequestDemo-Prefix.pch"; sourceTree = "<group>"; };
		64636B3C1A5D5EB500D9D020 /* LZXAppDelegate.h */ = {isa = PBXFileReference; lastKnownFileType = sourcecode.c.h; path = LZXAppDelegate.h; sourceTree = "<group>"; };
		64636B3D1A5D5EB500D9D020 /* LZXAppDelegate.m */ = {isa = PBXFileReference; lastKnownFileType = sourcecode.c.objc; path = LZXAppDelegate.m; sourceTree = "<group>"; };
		64636B401A5D5EB500D9D020 /* Base */ = {isa = PBXFileReference; lastKnownFileType = file.storyboard; name = Base; path = Base.lproj/Main.storyboard; sourceTree = "<group>"; };
		64636B421A5D5EB500D9D020 /* LZXViewController.h */ = {isa = PBXFileReference; lastKnownFileType = sourcecode.c.h; path = LZXViewController.h; sourceTree = "<group>"; };
		64636B431A5D5EB500D9D020 /* LZXViewController.m */ = {isa = PBXFileReference; lastKnownFileType = sourcecode.c.objc; path = LZXViewController.m; sourceTree = "<group>"; };
		64636B451A5D5EB500D9D020 /* Images.xcassets */ = {isa = PBXFileReference; lastKnownFileType = folder.assetcatalog; path = Images.xcassets; sourceTree = "<group>"; };
		64636B4B1A5D5EB500D9D020 /* HttpRequestDemoTests.xctest */ = {isa = PBXFileReference; explicitFileType = wrapper.cfbundle; includeInIndex = 0; path = HttpRequestDemoTests.xctest; sourceTree = BUILT_PRODUCTS_DIR; };
		64636B4C1A5D5EB500D9D020 /* XCTest.framework */ = {isa = PBXFileReference; lastKnownFileType = wrapper.framework; name = XCTest.framework; path = Library/Frameworks/XCTest.framework; sourceTree = DEVELOPER_DIR; };
		64636B541A5D5EB500D9D020 /* HttpRequestDemoTests-Info.plist */ = {isa = PBXFileReference; lastKnownFileType = text.plist.xml; path = "HttpRequestDemoTests-Info.plist"; sourceTree = "<group>"; };
		64636B561A5D5EB500D9D020 /* en */ = {isa = PBXFileReference; lastKnownFileType = text.plist.strings; name = en; path = en.lproj/InfoPlist.strings; sourceTree = "<group>"; };
		64636B581A5D5EB500D9D020 /* HttpRequestDemoTests.m */ = {isa = PBXFileReference; lastKnownFileType = sourcecode.c.objc; path = HttpRequestDemoTests.m; sourceTree = "<group>"; };
		64636B621A5D5F6900D9D020 /* LZXHttpRequest.h */ = {isa = PBXFileReference; fileEncoding = 4; lastKnownFileType = sourcecode.c.h; path = LZXHttpRequest.h; sourceTree = "<group>"; };
		64636B631A5D5F6A00D9D020 /* LZXHttpRequest.m */ = {isa = PBXFileReference; fileEncoding = 4; lastKnownFileType = sourcecode.c.objc; path = LZXHttpRequest.m; sourceTree = "<group>"; };
/* End PBXFileReference section */

/* Begin PBXFrameworksBuildPhase section */
		64636B271A5D5EB400D9D020 /* Frameworks */ = {
			isa = PBXFrameworksBuildPhase;
			buildActionMask = 2147483647;
			files = (
				64636B301A5D5EB400D9D020 /* CoreGraphics.framework in Frameworks */,
				64636B321A5D5EB400D9D020 /* UIKit.framework in Frameworks */,
				64636B2E1A5D5EB400D9D020 /* Foundation.framework in Frameworks */,
			);
			runOnlyForDeploymentPostprocessing = 0;
		};
		64636B481A5D5EB500D9D020 /* Frameworks */ = {
			isa = PBXFrameworksBuildPhase;
			buildActionMask = 2147483647;
			files = (
				64636B4D1A5D5EB500D9D020 /* XCTest.framework in Frameworks */,
				64636B4F1A5D5EB500D9D020 /* UIKit.framework in Frameworks */,
				64636B4E1A5D5EB500D9D020 /* Foundation.framework in Frameworks */,
			);
			runOnlyForDeploymentPostprocessing = 0;
		};
/* End PBXFrameworksBuildPhase section */

/* Begin PBXGroup section */
		64636B211A5D5EB400D9D020 = {
			isa = PBXGroup;
			children = (
				64636B621A5D5F6900D9D020 /* LZXHttpRequest.h */,
				64636B631A5D5F6A00D9D020 /* LZXHttpRequest.m */,
				64636B331A5D5EB400D9D020 /* HttpRequestDemo */,
				64636B521A5D5EB500D9D020 /* HttpRequestDemoTests */,
				64636B2C1A5D5EB400D9D020 /* Frameworks */,
				64636B2B1A5D5EB400D9D020 /* Products */,
			);
			sourceTree = "<group>";
		};
		64636B2B1A5D5EB400D9D020 /* Products */ = {
			isa = PBXGroup;
			children = (
				64636B2A1A5D5EB400D9D020 /* HttpRequestDemo.app */,
				64636B4B1A5D5EB500D9D020 /* HttpRequestDemoTests.xctest */,
			);
			name = Products;
			sourceTree = "<group>";
		};
		64636B2C1A5D5EB400D9D020 /* Frameworks */ = {
			isa = PBXGroup;
			children = (
				64636B2D1A5D5EB400D9D020 /* Foundation.framework */,
				64636B2F1A5D5EB400D9D020 /* CoreGraphics.framework */,
				64636B311A5D5EB400D9D020 /* UIKit.framework */,
				64636B4C1A5D5EB500D9D020 /* XCTest.framework */,
			);
			name = Frameworks;
			sourceTree = "<group>";
		};
		64636B331A5D5EB400D9D020 /* HttpRequestDemo */ = {
			isa = PBXGroup;
			children = (
				64636B3C1A5D5EB500D9D020 /* LZXAppDelegate.h */,
				64636B3D1A5D5EB500D9D020 /* LZXAppDelegate.m */,
				64636B3F1A5D5EB500D9D020 /* Main.storyboard */,
				64636B421A5D5EB500D9D020 /* LZXViewController.h */,
				64636B431A5D5EB500D9D020 /* LZXViewController.m */,
				64636B451A5D5EB500D9D020 /* Images.xcassets */,
				64636B341A5D5EB400D9D020 /* Supporting Files */,
			);
			path = HttpRequestDemo;
			sourceTree = "<group>";
		};
		64636B341A5D5EB400D9D020 /* Supporting Files */ = {
			isa = PBXGroup;
			children = (
				64636B351A5D5EB400D9D020 /* HttpRequestDemo-Info.plist */,
				64636B361A5D5EB500D9D020 /* InfoPlist.strings */,
				64636B391A5D5EB500D9D020 /* main.m */,
				64636B3B1A5D5EB500D9D020 /* HttpRequestDemo-Prefix.pch */,
			);
			name = "Supporting Files";
			sourceTree = "<group>";
		};
		64636B521A5D5EB500D9D020 /* HttpRequestDemoTests */ = {
			isa = PBXGroup;
			children = (
				64636B581A5D5EB500D9D020 /* HttpRequestDemoTests.m */,
				64636B531A5D5EB500D9D020 /* Supporting Files */,
			);
			path = HttpRequestDemoTests;
			sourceTree = "<group>";
		};
		64636B531A5D5EB500D9D020 /* Supporting Files */ = {
			isa = PBXGroup;
			children = (
				64636B541A5D5EB500D9D020 /* HttpRequestDemoTests-Info.plist */,
				64636B551A5D5EB500D9D020 /* InfoPlist.strings */,
			);
			name = "Supporting Files";
			sourceTree = "<group>";
		};
/* End PBXGroup section */

/* Begin PBXNativeTarget section */
		64636B291A5D5EB400D9D020 /* HttpRequestDemo */ = {
			isa = PBXNativeTarget;
			buildConfigurationList = 64636B5C1A5D5EB500D9D020 /* Build configuration list for PBXNativeTarget "HttpRequestDemo" */;
			buildPhases = (
				64636B261A5D5EB400D9D020 /* Sources */,
				64636B271A5D5EB400D9D020 /* Frameworks */,
				64636B281A5D5EB400D9D020 /* Resources */,
			);
			buildRules = (
			);
			dependencies = (
			);
			name = HttpRequestDemo;
			productName = HttpRequestDemo;
			productReference = 64636B2A1A5D5EB400D9D020 /* HttpRequestDemo.app */;
			productType = "com.apple.product-type.application";
		};
		64636B4A1A5D5EB500D9D020 /* HttpRequestDemoTests */ = {
			isa = PBXNativeTarget;
			buildConfigurationList = 64636B5F1A5D5EB500D9D020 /* Build configuration list for PBXNativeTarget "HttpRequestDemoTests" */;
			buildPhases = (
				64636B471A5D5EB500D9D020 /* Sources */,
				64636B481A5D5EB500D9D020 /* Frameworks */,
				64636B491A5D5EB500D9D020 /* Resources */,
			);
			buildRules = (
			);
			dependencies = (
				64636B511A5D5EB500D9D020 /* PBXTargetDependency */,
			);
			name = HttpRequestDemoTests;
			productName = HttpRequestDemoTests;
			productReference = 64636B4B1A5D5EB500D9D020 /* HttpRequestDemoTests.xctest */;
			productType = "com.apple.product-type.bundle.unit-test";
		};
/* End PBXNativeTarget section */

/* Begin PBXProject section */
		64636B221A5D5EB400D9D020 /* Project object */ = {
			isa = PBXProject;
			attributes = {
				CLASSPREFIX = LZX;
				LastUpgradeCheck = 0510;
				ORGANIZATIONNAME = LZXuan;
				TargetAttributes = {
					64636B4A1A5D5EB500D9D020 = {
						TestTargetID = 64636B291A5D5EB400D9D020;
					};
				};
			};
			buildConfigurationList = 64636B251A5D5EB400D9D020 /* Build configuration list for PBXProject "HttpRequestDemo" */;
			compatibilityVersion = "Xcode 3.2";
			developmentRegion = English;
			hasScannedForEncodings = 0;
			knownRegions = (
				en,
				Base,
			);
			mainGroup = 64636B211A5D5EB400D9D020;
			productRefGroup = 64636B2B1A5D5EB400D9D020 /* Products */;
			projectDirPath = "";
			projectRoot = "";
			targets = (
				64636B291A5D5EB400D9D020 /* HttpRequestDemo */,
				64636B4A1A5D5EB500D9D020 /* HttpRequestDemoTests */,
			);
		};
/* End PBXProject section */

/* Begin PBXResourcesBuildPhase section */
		64636B281A5D5EB400D9D020 /* Resources */ = {
			isa = PBXResourcesBuildPhase;
			buildActionMask = 2147483647;
			files = (
				64636B461A5D5EB500D9D020 /* Images.xcassets in Resources */,
				64636B381A5D5EB500D9D020 /* InfoPlist.strings in Resources */,
				64636B411A5D5EB500D9D020 /* Main.storyboard in Resources */,
			);
			runOnlyForDeploymentPostprocessing = 0;
		};
		64636B491A5D5EB500D9D020 /* Resources */ = {
			isa = PBXResourcesBuildPhase;
			buildActionMask = 2147483647;
			files = (
				64636B571A5D5EB500D9D020 /* InfoPlist.strings in Resources */,
			);
			runOnlyForDeploymentPostprocessing = 0;
		};
/* End PBXResourcesBuildPhase section */

/* Begin PBXSourcesBuildPhase section */
		64636B261A5D5EB400D9D020 /* Sources */ = {
			isa = PBXSourcesBuildPhase;
			buildActionMask = 2147483647;
			files = (
				64636B3A1A5D5EB500D9D020 /* main.m in Sources */,
				64636B3E1A5D5EB500D9D020 /* LZXAppDelegate.m in Sources */,
				64636B641A5D5F6A00D9D020 /* LZXHttpRequest.m in Sources */,
				64636B441A5D5EB500D9D020 /* LZXViewController.m in Sources */,
			);
			runOnlyForDeploymentPostprocessing = 0;
		};
		64636B471A5D5EB500D9D020 /* Sources */ = {
			isa = PBXSourcesBuildPhase;
			buildActionMask = 2147483647;
			files = (
				64636B591A5D5EB500D9D020 /* HttpRequestDemoTests.m in Sources */,
			);
			runOnlyForDeploymentPostprocessing = 0;
		};
/* End PBXSourcesBuildPhase section */

/* Begin PBXTargetDependency section */
		64636B511A5D5EB500D9D020 /* PBXTargetDependency */ = {
			isa = PBXTargetDependency;
			target = 64636B291A5D5EB400D9D020 /* HttpRequestDemo */;
			targetProxy = 64636B501A5D5EB500D9D020 /* PBXContainerItemProxy */;
		};
/* End PBXTargetDependency section */

/* Begin PBXVariantGroup section */
		64636B361A5D5EB500D9D020 /* InfoPlist.strings */ = {
			isa = PBXVariantGroup;
			children = (
				64636B371A5D5EB500D9D020 /* en */,
			);
			name = InfoPlist.strings;
			sourceTree = "<group>";
		};
		64636B3F1A5D5EB500D9D020 /* Main.storyboard */ = {
			isa = PBXVariantGroup;
			children = (
				64636B401A5D5EB500D9D020 /* Base */,
			);
			name = Main.storyboard;
			sourceTree = "<group>";
		};
		64636B551A5D5EB500D9D020 /* InfoPlist.strings */ = {
			isa = PBXVariantGroup;
			children = (
				64636B561A5D5EB500D9D020 /* en */,
			);
			name = InfoPlist.strings;
			sourceTree = "<group>";
		};
/* End PBXVariantGroup section */

/* Begin XCBuildConfiguration section */
		64636B5A1A5D5EB500D9D020 /* Debug */ = {
			isa = XCBuildConfiguration;
			buildSettings = {
				ALWAYS_SEARCH_USER_PATHS = NO;
				CLANG_CXX_LANGUAGE_STANDARD = "gnu++0x";
				CLANG_CXX_LIBRARY = "libc++";
				CLANG_ENABLE_MODULES = YES;
				CLANG_ENABLE_OBJC_ARC = YES;
				CLANG_WARN_BOOL_CONVERSION = YES;
				CLANG_WARN_CONSTANT_CONVERSION = YES;
				CLANG_WARN_DIRECT_OBJC_ISA_USAGE = YES_ERROR;
				CLANG_WARN_EMPTY_BODY = YES;
				CLANG_WARN_ENUM_CONVERSION = YES;
				CLANG_WARN_INT_CONVERSION = YES;
				CLANG_WARN_OBJC_ROOT_CLASS = YES_ERROR;
				CLANG_WARN__DUPLICATE_METHOD_MATCH = YES;
				"CODE_SIGN_IDENTITY[sdk=iphoneos*]" = "iPhone Developer";
				COPY_PHASE_STRIP = NO;
				GCC_C_LANGUAGE_STANDARD = gnu99;
				GCC_DYNAMIC_NO_PIC = NO;
				GCC_OPTIMIZATION_LEVEL = 0;
				GCC_PREPROCESSOR_DEFINITIONS = (
					"DEBUG=1",
					"$(inherited)",
				);
				GCC_SYMBOLS_PRIVATE_EXTERN = NO;
				GCC_WARN_64_TO_32_BIT_CONVERSION = YES;
				GCC_WARN_ABOUT_RETURN_TYPE = YES_ERROR;
				GCC_WARN_UNDECLARED_SELECTOR = YES;
				GCC_WARN_UNINITIALIZED_AUTOS = YES_AGGRESSIVE;
				GCC_WARN_UNUSED_FUNCTION = YES;
				GCC_WARN_UNUSED_VARIABLE = YES;
				IPHONEOS_DEPLOYMENT_TARGET = 7.1;
				ONLY_ACTIVE_ARCH = YES;
				SDKROOT = iphoneos;
			};
			name = Debug;
		};
		64636B5B1A5D5EB500D9D020 /* Release */ = {
			isa = XCBuildConfiguration;
			buildSettings = {
				ALWAYS_SEARCH_USER_PATHS = NO;
				CLANG_CXX_LANGUAGE_STANDARD = "gnu++0x";
				CLANG_CXX_LIBRARY = "libc++";
				CLANG_ENABLE_MODULES = YES;
				CLANG_ENABLE_OBJC_ARC = YES;
				CLANG_WARN_BOOL_CONVERSION = YES;
				CLANG_WARN_CONSTANT_CONVERSION = YES;
				CLANG_WARN_DIRECT_OBJC_ISA_USAGE = YES_ERROR;
				CLANG_WARN_EMPTY_BODY = YES;
				CLANG_WARN_ENUM_CONVERSION = YES;
				CLANG_WARN_INT_CONVERSION = YES;
				CLANG_WARN_OBJC_ROOT_CLASS = YES_ERROR;
				CLANG_WARN__DUPLICATE_METHOD_MATCH = YES;
				"CODE_SIGN_IDENTITY[sdk=iphoneos*]" = "iPhone Developer";
				COPY_PHASE_STRIP = YES;
				ENABLE_NS_ASSERTIONS = NO;
				GCC_C_LANGUAGE_STANDARD = gnu99;
				GCC_WARN_64_TO_32_BIT_CONVERSION = YES;
				GCC_WARN_ABOUT_RETURN_TYPE = YES_ERROR;
				GCC_WARN_UNDECLARED_SELECTOR = YES;
				GCC_WARN_UNINITIALIZED_AUTOS = YES_AGGRESSIVE;
				GCC_WARN_UNUSED_FUNCTION = YES;
				GCC_WARN_UNUSED_VARIABLE = YES;
				IPHONEOS_DEPLOYMENT_TARGET = 7.1;
				SDKROOT = iphoneos;
				VALIDATE_PRODUCT = YES;
			};
			name = Release;
		};
		64636B5D1A5D5EB500D9D020 /* Debug */ = {
			isa = XCBuildConfiguration;
			buildSettings = {
				ASSETCATALOG_COMPILER_APPICON_NAME = AppIcon;
				ASSETCATALOG_COMPILER_LAUNCHIMAGE_NAME = LaunchImage;
				GCC_PRECOMPILE_PREFIX_HEADER = YES;
				GCC_PREFIX_HEADER = "HttpRequestDemo/HttpRequestDemo-Prefix.pch";
				INFOPLIST_FILE = "HttpRequestDemo/HttpRequestDemo-Info.plist";
				PRODUCT_NAME = "$(TARGET_NAME)";
				WRAPPER_EXTENSION = app;
			};
			name = Debug;
		};
		64636B5E1A5D5EB500D9D020 /* Release */ = {
			isa = XCBuildConfiguration;
			buildSettings = {
				ASSETCATALOG_COMPILER_APPICON_NAME = AppIcon;
				ASSETCATALOG_COMPILER_LAUNCHIMAGE_NAME = LaunchImage;
				GCC_PRECOMPILE_PREFIX_HEADER = YES;
				GCC_PREFIX_HEADER = "HttpRequestDemo/HttpRequestDemo-Prefix.pch";
				INFOPLIST_FILE = "HttpRequestDemo/HttpRequestDemo-Info.plist";
				PRODUCT_NAME = "$(TARGET_NAME)";
				WRAPPER_EXTENSION = app;
			};
			name = Release;
		};
		64636B601A5D5EB500D9D020 /* Debug */ = {
			isa = XCBuildConfiguration;
			buildSettings = {
				BUNDLE_LOADER = "$(BUILT_PRODUCTS_DIR)/HttpRequestDemo.app/HttpRequestDemo";
				FRAMEWORK_SEARCH_PATHS = (
					"$(SDKROOT)/Developer/Library/Frameworks",
					"$(inherited)",
					"$(DEVELOPER_FRAMEWORKS_DIR)",
				);
				GCC_PRECOMPILE_PREFIX_HEADER = YES;
				GCC_PREFIX_HEADER = "HttpRequestDemo/HttpRequestDemo-Prefix.pch";
				GCC_PREPROCESSOR_DEFINITIONS = (
					"DEBUG=1",
					"$(inherited)",
				);
				INFOPLIST_FILE = "HttpRequestDemoTests/HttpRequestDemoTests-Info.plist";
				PRODUCT_NAME = "$(TARGET_NAME)";
				TEST_HOST = "$(BUNDLE_LOADER)";
				WRAPPER_EXTENSION = xctest;
			};
			name = Debug;
		};
		64636B611A5D5EB500D9D020 /* Release */ = {
			isa = XCBuildConfiguration;
			buildSettings = {
				BUNDLE_LOADER = "$(BUILT_PRODUCTS_DIR)/HttpRequestDemo.app/HttpRequestDemo";
				FRAMEWORK_SEARCH_PATHS = (
					"$(SDKROOT)/Developer/Library/Frameworks",
					"$(inherited)",
					"$(DEVELOPER_FRAMEWORKS_DIR)",
				);
				GCC_PRECOMPILE_PREFIX_HEADER = YES;
				GCC_PREFIX_HEADER = "HttpRequestDemo/HttpRequestDemo-Prefix.pch";
				INFOPLIST_FILE = "HttpRequestDemoTests/HttpRequestDemoTests-Info.plist";
				PRODUCT_NAME = "$(TARGET_NAME)";
				TEST_HOST = "$(BUNDLE_LOADER)";
				WRAPPER_EXTENSION = xctest;
			};
			name = Release;
		};
/* End XCBuildConfiguration section */

/* Begin XCConfigurationList section */
		64636B251A5D5EB400D9D020 /* Build configuration list for PBXProject "HttpRequestDemo" */ = {
			isa = XCConfigurationList;
			buildConfigurations = (
				64636B5A1A5D5EB500D9D020 /* Debug */,
				64636B5B1A5D5EB500D9D020 /* Release */,
			);
			defaultConfigurationIsVisible = 0;
			defaultConfigurationName = Release;
		};
		64636B5C1A5D5EB500D9D020 /* Build configuration list for PBXNativeTarget "HttpRequestDemo" */ = {
			isa = XCConfigurationList;
			buildConfigurations = (
				64636B5D1A5D5EB500D9D020 /* Debug */,
				64636B5E1A5D5EB500D9D020 /* Release */,
			);
			defaultConfigurationIsVisible = 0;
		};
		64636B5F1A5D5EB500D9D020 /* Build configuration list for PBXNativeTarget "HttpRequestDemoTests" */ = {
			isa = XCConfigurationList;
			buildConfigurations = (
				64636B601A5D5EB500D9D020 /* Debug */,
				64636B611A5D5EB500D9D020 /* Release */,
			);
			defaultConfigurationIsVisible = 0;
		};
/* End XCConfigurationList section */
	};
	rootObject = 64636B221A5D5EB400D9D020 /* Project object */;
}
